Microsoft Visual Studio Solution File, Format Version 12.00
# Visual Studio Version 17
VisualStudioVersion = 17.14.36429.23
MinimumVisualStudioVersion = 10.0.40219.1
Project("{FAE04EC0-301F-11D3-BF4B-00C04F79EFBC}") = "Tyuiu.KuzakinSI.Sprint4.Task4.V6", "Tyuiu.KuzakinSI.Sprint4.Task4.V6\Tyuiu.KuzakinSI.Sprint4.Task4.V6.csproj", "{437838C8-4349-473C-B283-FA3D3BB4CF7D}"
EndProject
Project("{FAE04EC0-301F-11D3-BF4B-00C04F79EFBC}") = "Tyuiu.KuzakinSI.Sprint4.Task4.V6.Lib", "Tyuiu.KuzakinSI.Sprint4.Task4.V6.Lib\Tyuiu.KuzakinSI.Sprint4.Task4.V6.Lib.csproj", "{83A90695-E6EC-4F52-A47D-249C294F8D09}"
EndProject
Project("{FAE04EC0-301F-11D3-BF4B-00C04F79EFBC}") = "Tyuiu.KuzakinSI.Sprint4.Task4.V6.Test", "Tyuiu.KuzakinSI.Sprint4.Task4.V6.Test\Tyuiu.KuzakinSI.Sprint4.Task4.V6.Test.csproj", "{A7EEAC1A-30EA-4309-9E30-79B9AA5FA32B}"
EndProject
Project("{2150E333-8FDC-42A3-9474-1A3956D46DE8}") = "Task4", "Task4", "{ED463CFF-2F41-4B10-8BA3-5C0F38A71610}"
EndProject
Global
	GlobalSection(SolutionConfigurationPlatforms) = preSolution
		Debug|Any CPU = Debug|Any CPU
		Release|Any CPU = Release|Any CPU
	EndGlobalSection
	GlobalSection(ProjectConfigurationPlatforms) = postSolution
		{437838C8-4349-473C-B283-FA3D3BB4CF7D}.Debug|Any CPU.ActiveCfg = Debug|Any CPU
		{437838C8-4349-473C-B283-FA3D3BB4CF7D}.Debug|Any CPU.Build.0 = Debug|Any CPU
		{437838C8-4349-473C-B283-FA3D3BB4CF7D}.Release|Any CPU.ActiveCfg = Release|Any CPU
		{437838C8-4349-473C-B283-FA3D3BB4CF7D}.Release|Any CPU.Build.0 = Release|Any CPU
		{83A90695-E6EC-4F52-A47D-249C294F8D09}.Debug|Any CPU.ActiveCfg = Debug|Any CPU
		{83A90695-E6EC-4F52-A47D-249C294F8D09}.Debug|Any CPU.Build.0 = Debug|Any CPU
		{83A90695-E6EC-4F52-A47D-249C294F8D09}.Release|Any CPU.ActiveCfg = Release|Any CPU
		{83A90695-E6EC-4F52-A47D-249C294F8D09}.Release|Any CPU.Build.0 = Release|Any CPU
		{A7EEAC1A-30EA-4309-9E30-79B9AA5FA32B}.Debug|Any CPU.ActiveCfg = Debug|Any CPU
		{A7EEAC1A-30EA-4309-9E30-79B9AA5FA32B}.Debug|Any CPU.Build.0 = Debug|Any CPU
		{A7EEAC1A-30EA-4309-9E30-79B9AA5FA32B}.Release|Any CPU.ActiveCfg = Release|Any CPU
		{A7EEAC1A-30EA-4309-9E30-79B9AA5FA32B}.Release|Any CPU.Build.0 = Release|Any CPU
	EndGlobalSection
	GlobalSection(SolutionProperties) = preSolution
		HideSolutionNode = FALSE
	EndGlobalSection
	GlobalSection(NestedProjects) = preSolution
		{437838C8-4349-473C-B283-FA3D3BB4CF7D} = {ED463CFF-2F41-4B10-8BA3-5C0F38A71610}
		{83A90695-E6EC-4F52-A47D-249C294F8D09} = {ED463CFF-2F41-4B10-8BA3-5C0F38A71610}
		{A7EEAC1A-30EA-4309-9E30-79B9AA5FA32B} = {ED463CFF-2F41-4B10-8BA3-5C0F38A71610}
	EndGlobalSection
	GlobalSection(ExtensibilityGlobals) = postSolution
		SolutionGuid = {F3BDE352-89C4-49AD-9416-19D21ACAA30E}
	EndGlobalSection
EndGlobal